
Microsoft Visual Studio Solution File, Format Version 12.00
# Visual Studio 15
VisualStudioVersion = 15.0.28010.2050
MinimumVisualStudioVersion = 10.0.40219.1
Project("{FAE04EC0-301F-11D3-BF4B-00C04F79EFBC}") = "Axity.Project.ServiceName.Infrastructure", "Axity.Project.ServiceName.Infrastructure\Axity.Project.ServiceName.Infrastructure.csproj", "{1EA5B60B-F440-4FE1-ABE7-0844C412D2BA}"
EndProject
Project("{FAE04EC0-301F-11D3-BF4B-00C04F79EFBC}") = "Axity.Project.ServiceName.Persistence", "Axity.Project.ServiceName.Persistence\Axity.Project.ServiceName.Persistence.csproj", "{3D9A3B79-E8EC-4359-80BF-5E83C0B061B9}"
EndProject
Project("{FAE04EC0-301F-11D3-BF4B-00C04F79EFBC}") = "Axity.Project.ServiceName.Api", "Axity.Project.ServiceName.Api\Axity.Project.ServiceName.Api.csproj", "{7BAE0358-451B-49C8-A034-3AF7EA52AD66}"
EndProject
Project("{FAE04EC0-301F-11D3-BF4B-00C04F79EFBC}") = "Axity.Project.ServiceName.Test", "Axity.Project.ServiceName.Test\Axity.Project.ServiceName.Test.csproj", "{FE037069-42D5-462D-AE54-4955995D5F4A}"
EndProject
Global
	GlobalSection(SolutionConfigurationPlatforms) = preSolution
		Debug|Any CPU = Debug|Any CPU
		Release|Any CPU = Release|Any CPU
	EndGlobalSection
	GlobalSection(ProjectConfigurationPlatforms) = postSolution
		{1EA5B60B-F440-4FE1-ABE7-0844C412D2BA}.Debug|Any CPU.ActiveCfg = Debug|Any CPU
		{1EA5B60B-F440-4FE1-ABE7-0844C412D2BA}.Debug|Any CPU.Build.0 = Debug|Any CPU
		{1EA5B60B-F440-4FE1-ABE7-0844C412D2BA}.Release|Any CPU.ActiveCfg = Release|Any CPU
		{1EA5B60B-F440-4FE1-ABE7-0844C412D2BA}.Release|Any CPU.Build.0 = Release|Any CPU
		{3D9A3B79-E8EC-4359-80BF-5E83C0B061B9}.Debug|Any CPU.ActiveCfg = Debug|Any CPU
		{3D9A3B79-E8EC-4359-80BF-5E83C0B061B9}.Debug|Any CPU.Build.0 = Debug|Any CPU
		{3D9A3B79-E8EC-4359-80BF-5E83C0B061B9}.Release|Any CPU.ActiveCfg = Release|Any CPU
		{3D9A3B79-E8EC-4359-80BF-5E83C0B061B9}.Release|Any CPU.Build.0 = Release|Any CPU
		{7BAE0358-451B-49C8-A034-3AF7EA52AD66}.Debug|Any CPU.ActiveCfg = Debug|Any CPU
		{7BAE0358-451B-49C8-A034-3AF7EA52AD66}.Debug|Any CPU.Build.0 = Debug|Any CPU
		{7BAE0358-451B-49C8-A034-3AF7EA52AD66}.Release|Any CPU.ActiveCfg = Release|Any CPU
		{7BAE0358-451B-49C8-A034-3AF7EA52AD66}.Release|Any CPU.Build.0 = Release|Any CPU
		{FE037069-42D5-462D-AE54-4955995D5F4A}.Debug|Any CPU.ActiveCfg = Debug|Any CPU
		{FE037069-42D5-462D-AE54-4955995D5F4A}.Debug|Any CPU.Build.0 = Debug|Any CPU
		{FE037069-42D5-462D-AE54-4955995D5F4A}.Release|Any CPU.ActiveCfg = Release|Any CPU
		{FE037069-42D5-462D-AE54-4955995D5F4A}.Release|Any CPU.Build.0 = Release|Any CPU
	EndGlobalSection
	GlobalSection(SolutionProperties) = preSolution
		HideSolutionNode = FALSE
	EndGlobalSection
	GlobalSection(ExtensibilityGlobals) = postSolution
		SolutionGuid = {49F0DD31-B3ED-4861-8439-8814A4E7D07A}
	EndGlobalSection
EndGlobal
